<?xml version="1.0" encoding="utf-8"?>
<Project ToolsVersion="4.0" xmlns="http://schemas.microsoft.com/developer/msbuild/2003">
  <ItemGroup>
    <Filter Include="Resource Files">
      <UniqueIdentifier>{67DA6AB6-F800-4c08-8B7A-83BB121AAD01}</UniqueIdentifier>
      <Extensions>rc;ico;cur;bmp;dlg;rc2;rct;bin;rgs;gif;jpg;jpeg;jpe;resx;tiff;tif;png;wav;mfcribbon-ms</Extensions>
    </Filter>
  </ItemGroup>
  <ItemGroup>
    <ClInclude Include="AboutDlg.h" />
    <ClInclude Include="Archive.h" />
    <ClInclude Include="BackTraceCallView.h" />
    <ClInclude Include="BackTraceView.h" />
    <ClInclude Include="Buffer.h" />
    <ClInclude Include="Dbg.h" />
    <ClInclude Include="DlgDebug.h" />
    <ClInclude Include="DlgDetailes.h" />
    <ClInclude Include="DlgProgress.h" />
    <ClInclude Include="DlgSettings.h" />
    <ClInclude Include="FlowTraceView.h" />
    <ClInclude Include="FontPreviewCombo.h" />
    <ClInclude Include="Helpers.h" />
    <ClInclude Include="LogData.h" />
    <ClInclude Include="LogListView.h" />
    <ClInclude Include="LogTreeView.h" />
    <ClInclude Include="MainFrm.h" />
    <ClInclude Include="resource.h" />
    <ClInclude Include="SearchInfo.h" />
    <ClInclude Include="ServerThread.h" />
    <ClInclude Include="Settings.h" />
    <ClInclude Include="stdafx.h" />
    <ClInclude Include="StdLog.h" />
    <ClInclude Include="WorkerThread.h" />
    <ClInclude Include="GDI.h" />
    <ClInclude Include="LogListFrame.h" />
    <ClInclude Include="LogListInfo.h" />
    <ClInclude Include="FileMap.h" />
  </ItemGroup>
  <ItemGroup>
    <ClCompile Include="AboutDlg.cpp" />
    <ClCompile Include="Archive.cpp" />
    <ClCompile Include="BackTraceCallView.cpp" />
    <ClCompile Include="BackTraceView.cpp" />
    <ClCompile Include="Dbg.cpp" />
    <ClCompile Include="DlgDebug.cpp" />
    <ClCompile Include="DlgDetailes.cpp" />
    <ClCompile Include="DlgProgress.cpp" />
    <ClCompile Include="DlgSettings.cpp" />
    <ClCompile Include="FlowTrace.cpp" />
    <ClCompile Include="FlowTraceView.cpp" />
    <ClCompile Include="FontPreviewCombo.cpp" />
    <ClCompile Include="Helpers.cpp" />
    <ClCompile Include="LogData.cpp" />
    <ClCompile Include="LogListView.cpp" />
    <ClCompile Include="LogTreeView.cpp" />
    <ClCompile Include="MainFrm.cpp" />
    <ClCompile Include="SearchInfo.cpp" />
    <ClCompile Include="ServerThread.cpp" />
    <ClCompile Include="Settings.cpp" />
    <ClCompile Include="stdafx.cpp" />
    <ClCompile Include="StdLog.cpp" />
    <ClCompile Include="WorkerThread.cpp" />
    <ClCompile Include="GDI.cpp" />
    <ClCompile Include="LogListFrame.cpp" />
    <ClCompile Include="LogListInfo.cpp" />
  </ItemGroup>
  <ItemGroup>
    <ResourceCompile Include="FlowTree.rc">
      <Filter>Resource Files</Filter>
    </ResourceCompile>
  </ItemGroup>
  <ItemGroup>
    <Image Include="small.ico">
      <Filter>Resource Files</Filter>
    </Image>
    <Image Include="FlowTree.ico">
      <Filter>Resource Files</Filter>
    </Image>
    <Image Include="res\Toolbar.bmp">
      <Filter>Resource Files</Filter>
    </Image>
    <Image Include="res\Toolbar_2.bmp">
      <Filter>Resource Files</Filter>
    </Image>
    <Image Include="res\ttf_glyph.bmp">
      <Filter>Resource Files</Filter>
    </Image>
    <Image Include="res\bitmap1.bmp">
      <Filter>Resource Files</Filter>
    </Image>
    <Image Include="res\sync1.bmp">
      <Filter>Resource Files</Filter>
    </Image>
    <Image Include="res\sync2.bmp">
      <Filter>Resource Files</Filter>
    </Image>
    <Image Include="res\FlowTree.ico">
      <Filter>Resource Files</Filter>
    </Image>
    <Image Include="res\ICON_TREE_ROOT.ico">
      <Filter>Resource Files</Filter>
    </Image>
    <Image Include="res\ICON_TREE_APP.ico">
      <Filter>Resource Files</Filter>
    </Image>
    <Image Include="res\ICON_TREE_PAIRED.ico">
      <Filter>Resource Files</Filter>
    </Image>
    <Image Include="res\ICON_TREE_ENTER.ico">
      <Filter>Resource Files</Filter>
    </Image>
    <Image Include="res\ICON_TREE_EXIT.ico">
      <Filter>Resource Files</Filter>
    </Image>
    <Image Include="res\ICON_LIST_ENTER.ico">
      <Filter>Resource Files</Filter>
    </Image>
    <Image Include="res\ICON_LIST_EXIT.ico">
      <Filter>Resource Files</Filter>
    </Image>
    <Image Include="res\ICON_LIST_TRACE_SEL.ico">
      <Filter>Resource Files</Filter>
    </Image>
    <Image Include="res\tree_node_colapsed.ico">
      <Filter>Resource Files</Filter>
    </Image>
    <Image Include="res\tree_node_expanded.ico">
      <Filter>Resource Files</Filter>
    </Image>
    <Image Include="res\tree_node_checked.ico">
      <Filter>Resource Files</Filter>
    </Image>
    <Image Include="res\tree_node_unchecked.ico">
      <Filter>Resource Files</Filter>
    </Image>
    <Image Include="res\icon_emp.ico">
      <Filter>Resource Files</Filter>
    </Image>
    <Image Include="res\icon_boo.ico">
      <Filter>Resource Files</Filter>
    </Image>
    <Image Include="res\IDI_ICON_TREE_THREAD.ico">
      <Filter>Resource Files</Filter>
    </Image>
  </ItemGroup>
  <ItemGroup>
    <None Include="res\font1.bin">
      <Filter>Resource Files</Filter>
    </None>
  </ItemGroup>
  <ItemGroup>
    <Text Include="ToDo.txt" />
    <Text Include="HowTo.txt" />
  </ItemGroup>
</Project>